
Microsoft Visual Studio Solution File, Format Version 12.00
# Visual Studio Version 16
VisualStudioVersion = 16.0.30517.126
MinimumVisualStudioVersion = 10.0.40219.1
Project("{FAE04EC0-301F-11D3-BF4B-00C04F79EFBC}") = "Week13-Test", "Week13-Test\Week13-Test.csproj", "{842DB14E-5F98-481A-9BEE-91A1039BBE4C}"
EndProject
Project("{FAE04EC0-301F-11D3-BF4B-00C04F79EFBC}") = "Ülesanne3", "MilkyWay\Ülesanne3.csproj", "{1ED5F316-731A-4268-A322-B38D2F58A7D8}"
EndProject
Global
	GlobalSection(SolutionConfigurationPlatforms) = preSolution
		Debug|Any CPU = Debug|Any CPU
		Release|Any CPU = Release|Any CPU
	EndGlobalSection
	GlobalSection(ProjectConfigurationPlatforms) = postSolution
		{842DB14E-5F98-481A-9BEE-91A1039BBE4C}.Debug|Any CPU.ActiveCfg = Debug|Any CPU
		{842DB14E-5F98-481A-9BEE-91A1039BBE4C}.Debug|Any CPU.Build.0 = Debug|Any CPU
		{842DB14E-5F98-481A-9BEE-91A1039BBE4C}.Release|Any CPU.ActiveCfg = Release|Any CPU
		{842DB14E-5F98-481A-9BEE-91A1039BBE4C}.Release|Any CPU.Build.0 = Release|Any CPU
		{1ED5F316-731A-4268-A322-B38D2F58A7D8}.Debug|Any CPU.ActiveCfg = Debug|Any CPU
		{1ED5F316-731A-4268-A322-B38D2F58A7D8}.Debug|Any CPU.Build.0 = Debug|Any CPU
		{1ED5F316-731A-4268-A322-B38D2F58A7D8}.Release|Any CPU.ActiveCfg = Release|Any CPU
		{1ED5F316-731A-4268-A322-B38D2F58A7D8}.Release|Any CPU.Build.0 = Release|Any CPU
	EndGlobalSection
	GlobalSection(SolutionProperties) = preSolution
		HideSolutionNode = FALSE
	EndGlobalSection
	GlobalSection(ExtensibilityGlobals) = postSolution
		SolutionGuid = {C19C93AF-C2D8-41A5-A930-F32D5F1771E2}
	EndGlobalSection
EndGlobal
